
Microsoft Visual Studio Solution File, Format Version 12.00
# Visual Studio 15
VisualStudioVersion = 15.0.26124.0
MinimumVisualStudioVersion = 15.0.26124.0
Project("{FAE04EC0-301F-11D3-BF4B-00C04F79EFBC}") = "GameTOP", "GameTOP\GameTOP.csproj", "{805E17AA-F2C7-42DA-96FD-D0DBE3C9EDF9}"
EndProject
Project("{FAE04EC0-301F-11D3-BF4B-00C04F79EFBC}") = "GameTOP.Lib", "GameTOP.Lib\GameTOP.Lib.csproj", "{D667D9F6-2A9C-42A5-A88A-863DB68249DE}"
EndProject
Project("{FAE04EC0-301F-11D3-BF4B-00C04F79EFBC}") = "GameTOP.Interface", "GameTOP.Interface\GameTOP.Interface.csproj", "{F6DC1F50-C7A2-4123-B1BF-CD3FDDAEE871}"
EndProject
Global
	GlobalSection(SolutionConfigurationPlatforms) = preSolution
		Debug|Any CPU = Debug|Any CPU
		Debug|x64 = Debug|x64
		Debug|x86 = Debug|x86
		Release|Any CPU = Release|Any CPU
		Release|x64 = Release|x64
		Release|x86 = Release|x86
	EndGlobalSection
	GlobalSection(SolutionProperties) = preSolution
		HideSolutionNode = FALSE
	EndGlobalSection
	GlobalSection(ProjectConfigurationPlatforms) = postSolution
		{805E17AA-F2C7-42DA-96FD-D0DBE3C9EDF9}.Debug|Any CPU.ActiveCfg = Debug|Any CPU
		{805E17AA-F2C7-42DA-96FD-D0DBE3C9EDF9}.Debug|Any CPU.Build.0 = Debug|Any CPU
		{805E17AA-F2C7-42DA-96FD-D0DBE3C9EDF9}.Debug|x64.ActiveCfg = Debug|Any CPU
		{805E17AA-F2C7-42DA-96FD-D0DBE3C9EDF9}.Debug|x64.Build.0 = Debug|Any CPU
		{805E17AA-F2C7-42DA-96FD-D0DBE3C9EDF9}.Debug|x86.ActiveCfg = Debug|Any CPU
		{805E17AA-F2C7-42DA-96FD-D0DBE3C9EDF9}.Debug|x86.Build.0 = Debug|Any CPU
		{805E17AA-F2C7-42DA-96FD-D0DBE3C9EDF9}.Release|Any CPU.ActiveCfg = Release|Any CPU
		{805E17AA-F2C7-42DA-96FD-D0DBE3C9EDF9}.Release|Any CPU.Build.0 = Release|Any CPU
		{805E17AA-F2C7-42DA-96FD-D0DBE3C9EDF9}.Release|x64.ActiveCfg = Release|Any CPU
		{805E17AA-F2C7-42DA-96FD-D0DBE3C9EDF9}.Release|x64.Build.0 = Release|Any CPU
		{805E17AA-F2C7-42DA-96FD-D0DBE3C9EDF9}.Release|x86.ActiveCfg = Release|Any CPU
		{805E17AA-F2C7-42DA-96FD-D0DBE3C9EDF9}.Release|x86.Build.0 = Release|Any CPU
		{D667D9F6-2A9C-42A5-A88A-863DB68249DE}.Debug|Any CPU.ActiveCfg = Debug|Any CPU
		{D667D9F6-2A9C-42A5-A88A-863DB68249DE}.Debug|Any CPU.Build.0 = Debug|Any CPU
		{D667D9F6-2A9C-42A5-A88A-863DB68249DE}.Debug|x64.ActiveCfg = Debug|Any CPU
		{D667D9F6-2A9C-42A5-A88A-863DB68249DE}.Debug|x64.Build.0 = Debug|Any CPU
		{D667D9F6-2A9C-42A5-A88A-863DB68249DE}.Debug|x86.ActiveCfg = Debug|Any CPU
		{D667D9F6-2A9C-42A5-A88A-863DB68249DE}.Debug|x86.Build.0 = Debug|Any CPU
		{D667D9F6-2A9C-42A5-A88A-863DB68249DE}.Release|Any CPU.ActiveCfg = Release|Any CPU
		{D667D9F6-2A9C-42A5-A88A-863DB68249DE}.Release|Any CPU.Build.0 = Release|Any CPU
		{D667D9F6-2A9C-42A5-A88A-863DB68249DE}.Release|x64.ActiveCfg = Release|Any CPU
		{D667D9F6-2A9C-42A5-A88A-863DB68249DE}.Release|x64.Build.0 = Release|Any CPU
		{D667D9F6-2A9C-42A5-A88A-863DB68249DE}.Release|x86.ActiveCfg = Release|Any CPU
		{D667D9F6-2A9C-42A5-A88A-863DB68249DE}.Release|x86.Build.0 = Release|Any CPU
		{F6DC1F50-C7A2-4123-B1BF-CD3FDDAEE871}.Debug|Any CPU.ActiveCfg = Debug|Any CPU
		{F6DC1F50-C7A2-4123-B1BF-CD3FDDAEE871}.Debug|Any CPU.Build.0 = Debug|Any CPU
		{F6DC1F50-C7A2-4123-B1BF-CD3FDDAEE871}.Debug|x64.ActiveCfg = Debug|Any CPU
		{F6DC1F50-C7A2-4123-B1BF-CD3FDDAEE871}.Debug|x64.Build.0 = Debug|Any CPU
		{F6DC1F50-C7A2-4123-B1BF-CD3FDDAEE871}.Debug|x86.ActiveCfg = Debug|Any CPU
		{F6DC1F50-C7A2-4123-B1BF-CD3FDDAEE871}.Debug|x86.Build.0 = Debug|Any CPU
		{F6DC1F50-C7A2-4123-B1BF-CD3FDDAEE871}.Release|Any CPU.ActiveCfg = Release|Any CPU
		{F6DC1F50-C7A2-4123-B1BF-CD3FDDAEE871}.Release|Any CPU.Build.0 = Release|Any CPU
		{F6DC1F50-C7A2-4123-B1BF-CD3FDDAEE871}.Release|x64.ActiveCfg = Release|Any CPU
		{F6DC1F50-C7A2-4123-B1BF-CD3FDDAEE871}.Release|x64.Build.0 = Release|Any CPU
		{F6DC1F50-C7A2-4123-B1BF-CD3FDDAEE871}.Release|x86.ActiveCfg = Release|Any CPU
		{F6DC1F50-C7A2-4123-B1BF-CD3FDDAEE871}.Release|x86.Build.0 = Release|Any CPU
	EndGlobalSection
EndGlobal
